PODS:
  - MessageInputBar (0.4.1):
    - MessageInputBar/Core (= 0.4.1)
  - MessageInputBar/Core (0.4.1)
  - MessageKit (2.0.0):
    - MessageInputBar/Core

DEPENDENCIES:
  - MessageInputBar (from `https://github.com/MessageKit/MessageInputBar.git`, branch `master`)
  - MessageKit (from `https://github.com/Mahipal-codzgarage/MessageKit.git`)

EXTERNAL SOURCES:
  MessageInputBar:
    :branch: master
    :git: https://github.com/MessageKit/MessageInputBar.git
  MessageKit:
    :git: https://github.com/Mahipal-codzgarage/MessageKit.git

CHECKOUT OPTIONS:
  MessageInputBar:
    :commit: faebe27f2dd8f39ea145e75b7296ef48133c099a
    :git: https://github.com/MessageKit/MessageInputBar.git
  MessageKit:
    :commit: 159f42e6d6acfc3906890a9205045f7f69bff0a0
    :git: https://github.com/Mahipal-codzgarage/MessageKit.git

SPEC CHECKSUMS:
  MessageInputBar: e81c7535347f1f7b923de7080409a535a004b6e4
  MessageKit: 29c1c87e5a396d2ca7a3f712e5171dc9aba42a1e

PODFILE CHECKSUM: e0760f30a8b4c220a89d00ea833e3e2e30d99313

COCOAPODS: 1.5.3
